
Microsoft Visual Studio Solution File, Format Version 12.00
# Visual Studio Version 17
VisualStudioVersion = 17.0.31903.59
MinimumVisualStudioVersion = 10.0.40219.1
Project("{FAE04EC0-301F-11D3-BF4B-00C04F79EFBC}") = "learndotnet", "learndotnet\learndotnet.csproj", "{7CEBEE6A-23A2-49D1-AAD7-9F60ED234116}"
EndProject
Global
	GlobalSection(SolutionConfigurationPlatforms) = preSolution
		Debug|Any CPU = Debug|Any CPU
		Release|Any CPU = Release|Any CPU
	EndGlobalSection
	GlobalSection(SolutionProperties) = preSolution
		HideSolutionNode = FALSE
	EndGlobalSection
	GlobalSection(ProjectConfigurationPlatforms) = postSolution
		{7CEBEE6A-23A2-49D1-AAD7-9F60ED234116}.Debug|Any CPU.ActiveCfg = Debug|Any CPU
		{7CEBEE6A-23A2-49D1-AAD7-9F60ED234116}.Debug|Any CPU.Build.0 = Debug|Any CPU
		{7CEBEE6A-23A2-49D1-AAD7-9F60ED234116}.Release|Any CPU.ActiveCfg = Release|Any CPU
		{7CEBEE6A-23A2-49D1-AAD7-9F60ED234116}.Release|Any CPU.Build.0 = Release|Any CPU
	EndGlobalSection
EndGlobal
